
Microsoft Visual Studio Solution File, Format Version 12.00
# Visual Studio Version 17
VisualStudioVersion = 17.8.34525.116
MinimumVisualStudioVersion = 10.0.40219.1
Project("{FAE04EC0-301F-11D3-BF4B-00C04F79EFBC}") = "SegundoEjercicio", "SegundoEjercicio.csproj", "{BD238693-3579-4BAD-A70E-CC8141C6B908}"
EndProject
Global
	GlobalSection(SolutionConfigurationPlatforms) = preSolution
		Debug|Any CPU = Debug|Any CPU
		Release|Any CPU = Release|Any CPU
	EndGlobalSection
	GlobalSection(ProjectConfigurationPlatforms) = postSolution
		{BD238693-3579-4BAD-A70E-CC8141C6B908}.Debug|Any CPU.ActiveCfg = Debug|Any CPU
		{BD238693-3579-4BAD-A70E-CC8141C6B908}.Debug|Any CPU.Build.0 = Debug|Any CPU
		{BD238693-3579-4BAD-A70E-CC8141C6B908}.Release|Any CPU.ActiveCfg = Release|Any CPU
		{BD238693-3579-4BAD-A70E-CC8141C6B908}.Release|Any CPU.Build.0 = Release|Any CPU
	EndGlobalSection
	GlobalSection(SolutionProperties) = preSolution
		HideSolutionNode = FALSE
	EndGlobalSection
	GlobalSection(ExtensibilityGlobals) = postSolution
		SolutionGuid = {7C31F536-A5EE-4D08-902C-4B25ADB9EB40}
	EndGlobalSection
EndGlobal
