
Microsoft Visual Studio Solution File, Format Version 12.00
# Visual Studio Version 17
VisualStudioVersion = 17.8.34525.116
MinimumVisualStudioVersion = 10.0.40219.1
Project("{FAE04EC0-301F-11D3-BF4B-00C04F79EFBC}") = "RangoNumeros", "RangoNumeros.csproj", "{5818FB2D-4F68-497B-A2CA-04DF50450FD4}"
EndProject
Global
	GlobalSection(SolutionConfigurationPlatforms) = preSolution
		Debug|Any CPU = Debug|Any CPU
		Release|Any CPU = Release|Any CPU
	EndGlobalSection
	GlobalSection(ProjectConfigurationPlatforms) = postSolution
		{5818FB2D-4F68-497B-A2CA-04DF50450FD4}.Debug|Any CPU.ActiveCfg = Debug|Any CPU
		{5818FB2D-4F68-497B-A2CA-04DF50450FD4}.Debug|Any CPU.Build.0 = Debug|Any CPU
		{5818FB2D-4F68-497B-A2CA-04DF50450FD4}.Release|Any CPU.ActiveCfg = Release|Any CPU
		{5818FB2D-4F68-497B-A2CA-04DF50450FD4}.Release|Any CPU.Build.0 = Release|Any CPU
	EndGlobalSection
	GlobalSection(SolutionProperties) = preSolution
		HideSolutionNode = FALSE
	EndGlobalSection
	GlobalSection(ExtensibilityGlobals) = postSolution
		SolutionGuid = {801EF6C7-CD23-49F2-ACC8-41001D846FD3}
	EndGlobalSection
EndGlobal
