
Microsoft Visual Studio Solution File, Format Version 12.00
# Visual Studio Version 17
VisualStudioVersion = 17.8.34525.116
MinimumVisualStudioVersion = 10.0.40219.1
Project("{FAE04EC0-301F-11D3-BF4B-00C04F79EFBC}") = "For Simple", "For Simple.csproj", "{0C46F75E-62DF-4D60-A52B-F17B42E0E49D}"
EndProject
Global
	GlobalSection(SolutionConfigurationPlatforms) = preSolution
		Debug|Any CPU = Debug|Any CPU
		Release|Any CPU = Release|Any CPU
	EndGlobalSection
	GlobalSection(ProjectConfigurationPlatforms) = postSolution
		{0C46F75E-62DF-4D60-A52B-F17B42E0E49D}.Debug|Any CPU.ActiveCfg = Debug|Any CPU
		{0C46F75E-62DF-4D60-A52B-F17B42E0E49D}.Debug|Any CPU.Build.0 = Debug|Any CPU
		{0C46F75E-62DF-4D60-A52B-F17B42E0E49D}.Release|Any CPU.ActiveCfg = Release|Any CPU
		{0C46F75E-62DF-4D60-A52B-F17B42E0E49D}.Release|Any CPU.Build.0 = Release|Any CPU
	EndGlobalSection
	GlobalSection(SolutionProperties) = preSolution
		HideSolutionNode = FALSE
	EndGlobalSection
	GlobalSection(ExtensibilityGlobals) = postSolution
		SolutionGuid = {706428CA-FFFE-49F1-9E0D-0710F7ED086E}
	EndGlobalSection
EndGlobal
