
Microsoft Visual Studio Solution File, Format Version 12.00
# Visual Studio Version 17
VisualStudioVersion = 17.8.34525.116
MinimumVisualStudioVersion = 10.0.40219.1
Project("{FAE04EC0-301F-11D3-BF4B-00C04F79EFBC}") = "Prueba Algoritmo", "Prueba Algoritmo.csproj", "{CAEEFE8F-C2F6-46B3-9C39-2FFFF724C573}"
EndProject
Global
	GlobalSection(SolutionConfigurationPlatforms) = preSolution
		Debug|Any CPU = Debug|Any CPU
		Release|Any CPU = Release|Any CPU
	EndGlobalSection
	GlobalSection(ProjectConfigurationPlatforms) = postSolution
		{CAEEFE8F-C2F6-46B3-9C39-2FFFF724C573}.Debug|Any CPU.ActiveCfg = Debug|Any CPU
		{CAEEFE8F-C2F6-46B3-9C39-2FFFF724C573}.Debug|Any CPU.Build.0 = Debug|Any CPU
		{CAEEFE8F-C2F6-46B3-9C39-2FFFF724C573}.Release|Any CPU.ActiveCfg = Release|Any CPU
		{CAEEFE8F-C2F6-46B3-9C39-2FFFF724C573}.Release|Any CPU.Build.0 = Release|Any CPU
	EndGlobalSection
	GlobalSection(SolutionProperties) = preSolution
		HideSolutionNode = FALSE
	EndGlobalSection
	GlobalSection(ExtensibilityGlobals) = postSolution
		SolutionGuid = {7330D017-8A22-47BC-BA5D-214D4FD99683}
	EndGlobalSection
EndGlobal
