
Microsoft Visual Studio Solution File, Format Version 12.00
# Visual Studio Version 17
VisualStudioVersion = 17.8.34525.116
MinimumVisualStudioVersion = 10.0.40219.1
Project("{FAE04EC0-301F-11D3-BF4B-00C04F79EFBC}") = "DIvisionNumeroMayor", "DIvisionNumeroMayor.csproj", "{433561A7-EF81-422D-A2F7-E32E422D895B}"
EndProject
Global
	GlobalSection(SolutionConfigurationPlatforms) = preSolution
		Debug|Any CPU = Debug|Any CPU
		Release|Any CPU = Release|Any CPU
	EndGlobalSection
	GlobalSection(ProjectConfigurationPlatforms) = postSolution
		{433561A7-EF81-422D-A2F7-E32E422D895B}.Debug|Any CPU.ActiveCfg = Debug|Any CPU
		{433561A7-EF81-422D-A2F7-E32E422D895B}.Debug|Any CPU.Build.0 = Debug|Any CPU
		{433561A7-EF81-422D-A2F7-E32E422D895B}.Release|Any CPU.ActiveCfg = Release|Any CPU
		{433561A7-EF81-422D-A2F7-E32E422D895B}.Release|Any CPU.Build.0 = Release|Any CPU
	EndGlobalSection
	GlobalSection(SolutionProperties) = preSolution
		HideSolutionNode = FALSE
	EndGlobalSection
	GlobalSection(ExtensibilityGlobals) = postSolution
		SolutionGuid = {F8FEF364-F759-4DCF-B2A0-381079329C77}
	EndGlobalSection
EndGlobal
