
Microsoft Visual Studio Solution File, Format Version 12.00
# Visual Studio Version 17
VisualStudioVersion = 17.8.34525.116
MinimumVisualStudioVersion = 10.0.40219.1
Project("{FAE04EC0-301F-11D3-BF4B-00C04F79EFBC}") = "TryCatch", "TryCatch.csproj", "{170FD638-59F7-4ECB-85E1-E40999D8C33F}"
EndProject
Global
	GlobalSection(SolutionConfigurationPlatforms) = preSolution
		Debug|Any CPU = Debug|Any CPU
		Release|Any CPU = Release|Any CPU
	EndGlobalSection
	GlobalSection(ProjectConfigurationPlatforms) = postSolution
		{170FD638-59F7-4ECB-85E1-E40999D8C33F}.Debug|Any CPU.ActiveCfg = Debug|Any CPU
		{170FD638-59F7-4ECB-85E1-E40999D8C33F}.Debug|Any CPU.Build.0 = Debug|Any CPU
		{170FD638-59F7-4ECB-85E1-E40999D8C33F}.Release|Any CPU.ActiveCfg = Release|Any CPU
		{170FD638-59F7-4ECB-85E1-E40999D8C33F}.Release|Any CPU.Build.0 = Release|Any CPU
	EndGlobalSection
	GlobalSection(SolutionProperties) = preSolution
		HideSolutionNode = FALSE
	EndGlobalSection
	GlobalSection(ExtensibilityGlobals) = postSolution
		SolutionGuid = {733C29D8-0592-4837-888F-8A0A879BCAF4}
	EndGlobalSection
EndGlobal
